
Microsoft Visual Studio Solution File, Format Version 12.00
# Visual Studio Version 16
VisualStudioVersion = 16.0.31410.357
MinimumVisualStudioVersion = 10.0.40219.1
Project("{FAE04EC0-301F-11D3-BF4B-00C04F79EFBC}") = "ParallelOnlinerTests", "ParallelOnlinerTests\ParallelOnlinerTests.csproj", "{80589219-292D-4907-B64B-656A9548BA96}"
EndProject
Global
	GlobalSection(SolutionConfigurationPlatforms) = preSolution
		Debug|Any CPU = Debug|Any CPU
		Release|Any CPU = Release|Any CPU
	EndGlobalSection
	GlobalSection(ProjectConfigurationPlatforms) = postSolution
		{80589219-292D-4907-B64B-656A9548BA96}.Debug|Any CPU.ActiveCfg = Debug|Any CPU
		{80589219-292D-4907-B64B-656A9548BA96}.Debug|Any CPU.Build.0 = Debug|Any CPU
		{80589219-292D-4907-B64B-656A9548BA96}.Release|Any CPU.ActiveCfg = Release|Any CPU
		{80589219-292D-4907-B64B-656A9548BA96}.Release|Any CPU.Build.0 = Release|Any CPU
	EndGlobalSection
	GlobalSection(SolutionProperties) = preSolution
		HideSolutionNode = FALSE
	EndGlobalSection
	GlobalSection(ExtensibilityGlobals) = postSolution
		SolutionGuid = {3A68E956-928F-4977-A33A-C12D57CC3605}
	EndGlobalSection
EndGlobal
